
Microsoft Visual Studio Solution File, Format Version 12.00
# Visual Studio Version 16
VisualStudioVersion = 16.0.30621.155
MinimumVisualStudioVersion = 10.0.40219.1
Project("{FAE04EC0-301F-11D3-BF4B-00C04F79EFBC}") = "HtmlToPdf", "HtmlToPdf\HtmlToPdf.csproj", "{A9893AB1-AC87-48C1-890D-B03FB397E9D1}"
EndProject
Global
	GlobalSection(SolutionConfigurationPlatforms) = preSolution
		Debug|Any CPU = Debug|Any CPU
		Release|Any CPU = Release|Any CPU
	EndGlobalSection
	GlobalSection(ProjectConfigurationPlatforms) = postSolution
		{A9893AB1-AC87-48C1-890D-B03FB397E9D1}.Debug|Any CPU.ActiveCfg = Debug|Any CPU
		{A9893AB1-AC87-48C1-890D-B03FB397E9D1}.Debug|Any CPU.Build.0 = Debug|Any CPU
		{A9893AB1-AC87-48C1-890D-B03FB397E9D1}.Release|Any CPU.ActiveCfg = Release|Any CPU
		{A9893AB1-AC87-48C1-890D-B03FB397E9D1}.Release|Any CPU.Build.0 = Release|Any CPU
	EndGlobalSection
	GlobalSection(SolutionProperties) = preSolution
		HideSolutionNode = FALSE
	EndGlobalSection
	GlobalSection(ExtensibilityGlobals) = postSolution
		SolutionGuid = {908ABF3F-A027-4241-B6BD-B92ED77A9D6C}
	EndGlobalSection
EndGlobal
